PODS:
  - Alamofire (4.8.2)
  - Kingfisher (5.5.0)
  - PromiseKit (6.8.4):
    - PromiseKit/CorePromise (= 6.8.4)
    - PromiseKit/Foundation (= 6.8.4)
    - PromiseKit/UIKit (= 6.8.4)
  - PromiseKit/CorePromise (6.8.4)
  - PromiseKit/Foundation (6.8.4):
    - PromiseKit/CorePromise
  - PromiseKit/UIKit (6.8.4):
    - PromiseKit/CorePromise
  - ReactiveCocoa (9.0.0):
    - ReactiveSwift (~> 5.0)
  - ReactiveSwift (5.0.0):
    - Result (~> 4.1)
  - Result (4.1.0)
  - SkeletonView (1.5)
  - Tagged (0.4.0)

DEPENDENCIES:
  - Alamofire (= 4.8.2)
  - Kingfisher (= 5.5.0)
  - PromiseKit (= 6.8.4)
  - ReactiveCocoa (= 9.0)
  - ReactiveSwift (= 5.0)
  - SkeletonView (= 1.5)
  - Tagged (~> 0.4)

SPEC REPOS:
  https://github.com/cocoapods/specs.git:
    - Alamofire
    - Kingfisher
    - PromiseKit
    - ReactiveCocoa
    - ReactiveSwift
    - Result
    - SkeletonView
    - Tagged

SPEC CHECKSUMS:
  Alamofire: ae5c501addb7afdbb13687d7f2f722c78734c2d3
  Kingfisher: 6fe5e67a90fd335e49b0f5c075ff55ac5ebedd94
  PromiseKit: 51794a832647e7b819336dc2279039ce9f1cc49b
  ReactiveCocoa: 29709cf0cc7502ddd04a51220e10ee0336d8bec8
  ReactiveSwift: bd4c122943593e67cb441409370c5c1e3cb32791
  Result: bd966fac789cc6c1563440b348ab2598cc24d5c7
  SkeletonView: 6cbb80f82f8bdee3f9093e2fa03b84819b4bd826
  Tagged: a6babffe08b180c499a7a422661621bd4f330840

PODFILE CHECKSUM: 13217f6243d340756e7926d2e89e34bbd856f746

COCOAPODS: 1.5.3
